# This file is automatically @generated by Cargo.
# It is not intended for manual editing.
version = 4

[[package]]
name = "adler2"
version = "2.0.1"
source = "registry+https://github.com/rust-lang/crates.io-index"
checksum = "320119579fcad9c21884f5c4861d16174d0e06250625266f50fe6898340abefa"

[[package]]
name = "foldhash"
version = "0.1.5"
source = "registry+https://github.com/rust-lang/crates.io-index"
checksum = "d9c4f5dac5e15c24eb999c26181a6ca40b39fe946cbe4c263c7209467bc83af2"

[[package]]
name = "hashbrown"
version = "0.15.5"
source = "registry+https://github.com/rust-lang/crates.io-index"
checksum = "9229cfe53dfd69f0609a49f65461bd93001ea1ef889cd5529dd176593f5338a1"
dependencies = [
 "foldhash",
]

[[package]]
name = "libm"
version = "0.2.16"
source = "registry+https://github.com/rust-lang/crates.io-index"
checksum = "b6d2cec3eae94f9f509c767b45932f1ada8350c4bdb85af2fcab4a3c14807981"

[[package]]
name = "miniz_oxide"
version = "0.8.9"
source = "registry+https://github.com/rust-lang/crates.io-index"
checksum = "1fa76a2c86f704bdb222d66965fb3d63269ce38518b83cb0575fca855ebb6316"
dependencies = [
 "adler2",
]

[[package]]
name = "proc-macro2"
version = "1.0.106"
source = "registry+https://github.com/rust-lang/crates.io-index"
checksum = "8fd00f0bb2e90d81d1044c2b32617f68fcb9fa3bb7640c23e9c748e53fb30934"
dependencies = [
 "unicode-ident",
]

[[package]]
name = "quote"
version = "1.0.45"
source = "registry+https://github.com/rust-lang/crates.io-index"
checksum = "41f2619966050689382d2b44f664f4bc593e129785a36d6ee376ddf37259b924"
dependencies = [
 "proc-macro2",
]

[[package]]
name = "rl-ast"
version = "1.2.0"
dependencies = [
 "rl-lexer",
 "rl-utils",
]

[[package]]
name = "rl-embed"
version = "1.2.0"
dependencies = [
 "rl-ast",
 "rl-lexer",
 "rl-parser",
 "rl-resolver",
 "rl-utils",
 "rl-vm",
]

[[package]]
name = "rl-lexer"
version = "1.2.0"
dependencies = [
 "rl-utils",
]

[[package]]
name = "rl-parser"
version = "1.2.0"
dependencies = [
 "hashbrown",
 "rl-ast",
 "rl-lexer",
 "rl-utils",
]

[[package]]
name = "rl-resolver"
version = "1.2.0"
dependencies = [
 "rl-ast",
]

[[package]]
name = "rl-std"
version = "1.2.0"
dependencies = [
 "libm",
 "rl-ast",
 "rl-std-core",
 "rl-std-macros",
 "rl-utils",
]

[[package]]
name = "rl-std-core"
version = "1.2.0"
dependencies = [
 "hashbrown",
 "rl-ast",
 "rl-utils",
]

[[package]]
name = "rl-std-macros"
version = "1.2.0"
dependencies = [
 "proc-macro2",
 "quote",
 "syn",
]

[[package]]
name = "rl-tests"
version = "1.2.0"
dependencies = [
 "rl-embed",
 "rl-utils",
 "rl-vm",
]

[[package]]
name = "rl-utils"
version = "1.2.0"

[[package]]
name = "rl-vm"
version = "1.2.0"
dependencies = [
 "hashbrown",
 "miniz_oxide",
 "rl-ast",
 "rl-lexer",
 "rl-parser",
 "rl-resolver",
 "rl-std",
 "rl-std-core",
 "rl-utils",
 "ryu",
]

[[package]]
name = "ryu"
version = "1.0.23"
source = "registry+https://github.com/rust-lang/crates.io-index"
checksum = "9774ba4a74de5f7b1c1451ed6cd5285a32eddb5cccb8cc655a4e50009e06477f"

[[package]]
name = "syn"
version = "2.0.117"
source = "registry+https://github.com/rust-lang/crates.io-index"
checksum = "e665b8803e7b1d2a727f4023456bbbbe74da67099c585258af0ad9c5013b9b99"
dependencies = [
 "proc-macro2",
 "quote",
 "unicode-ident",
]

[[package]]
name = "unicode-ident"
version = "1.0.24"
source = "registry+https://github.com/rust-lang/crates.io-index"
checksum = "e6e4313cd5fcd3dad5cafa179702e2b244f760991f45397d14d4ebf38247da75"
